
Microsoft Visual Studio Solution File, Format Version 12.00
Project("{FAE04EC0-301F-11D3-BF4B-00C04F79EFBC}") = "TaxiEstimator", "TaxiEstimator\TaxiEstimator.csproj", "{6050B3FF-5576-4D96-9A92-F2E1011F7635}"
EndProject
Global
	GlobalSection(SolutionConfigurationPlatforms) = preSolution
		Debug|Any CPU = Debug|Any CPU
		Release|Any CPU = Release|Any CPU
	EndGlobalSection
	GlobalSection(ProjectConfigurationPlatforms) = postSolution
		{6050B3FF-5576-4D96-9A92-F2E1011F7635}.Debug|Any CPU.ActiveCfg = Debug|Any CPU
		{6050B3FF-5576-4D96-9A92-F2E1011F7635}.Debug|Any CPU.Build.0 = Debug|Any CPU
		{6050B3FF-5576-4D96-9A92-F2E1011F7635}.Release|Any CPU.ActiveCfg = Release|Any CPU
		{6050B3FF-5576-4D96-9A92-F2E1011F7635}.Release|Any CPU.Build.0 = Release|Any CPU
	EndGlobalSection
EndGlobal
